
Microsoft Visual Studio Solution File, Format Version 12.00
# Visual Studio Version 16
VisualStudioVersion = 16.0.28803.352
MinimumVisualStudioVersion = 10.0.40219.1
Project("{FAE04EC0-301F-11D3-BF4B-00C04F79EFBC}") = "Client", "Fixter.Jail.Client\Client.csproj", "{A07BA39C-DFBA-40E9-AB3F-1A9830D0E6AD}"
EndProject
Project("{FAE04EC0-301F-11D3-BF4B-00C04F79EFBC}") = "Server", "FixterJail.Server\Server.csproj", "{DAE90EB3-65AE-48DB-83FB-1241FF73A031}"
EndProject
Global
	GlobalSection(SolutionConfigurationPlatforms) = preSolution
		Debug|Any CPU = Debug|Any CPU
		Release|Any CPU = Release|Any CPU
	EndGlobalSection
	GlobalSection(ProjectConfigurationPlatforms) = postSolution
		{A07BA39C-DFBA-40E9-AB3F-1A9830D0E6AD}.Debug|Any CPU.ActiveCfg = Debug|Any CPU
		{A07BA39C-DFBA-40E9-AB3F-1A9830D0E6AD}.Debug|Any CPU.Build.0 = Debug|Any CPU
		{A07BA39C-DFBA-40E9-AB3F-1A9830D0E6AD}.Release|Any CPU.ActiveCfg = Release|Any CPU
		{A07BA39C-DFBA-40E9-AB3F-1A9830D0E6AD}.Release|Any CPU.Build.0 = Release|Any CPU
		{DAE90EB3-65AE-48DB-83FB-1241FF73A031}.Debug|Any CPU.ActiveCfg = Debug|Any CPU
		{DAE90EB3-65AE-48DB-83FB-1241FF73A031}.Debug|Any CPU.Build.0 = Debug|Any CPU
		{DAE90EB3-65AE-48DB-83FB-1241FF73A031}.Release|Any CPU.ActiveCfg = Release|Any CPU
		{DAE90EB3-65AE-48DB-83FB-1241FF73A031}.Release|Any CPU.Build.0 = Release|Any CPU
	EndGlobalSection
	GlobalSection(SolutionProperties) = preSolution
		HideSolutionNode = FALSE
	EndGlobalSection
	GlobalSection(ExtensibilityGlobals) = postSolution
		SolutionGuid = {D5FD7EDE-77A7-4EA9-97D9-1180620957BA}
	EndGlobalSection
EndGlobal
